// !$*UTF8*$!
{
	archiveVersion = 1;
	classes = {
	};
	objectVersion = 46;
	objects = {

/* Begin PBXBuildFile section */
		92DAC3501B573DBE0028A957 /* AppDelegate.swift in Sources */ = {isa = PBXBuildFile; fileRef = 92DAC34F1B573DBE0028A957 /* AppDelegate.swift */; };
		92DAC3521B573DBE0028A957 /* ViewController.swift in Sources */ = {isa = PBXBuildFile; fileRef = 92DAC3511B573DBE0028A957 /* ViewController.swift */; };
		92DAC3551B573DBE0028A957 /* Main.storyboard in Resources */ = {isa = PBXBuildFile; fileRef = 92DAC3531B573DBE0028A957 /* Main.storyboard */; };
		92DAC3571B573DBE0028A957 /* Images.xcassets in Resources */ = {isa = PBXBuildFile; fileRef = 92DAC3561B573DBE0028A957 /* Images.xcassets */; };
		92DAC35A1B573DBE0028A957 /* LaunchScreen.xib in Resources */ = {isa = PBXBuildFile; fileRef = 92DAC3581B573DBE0028A957 /* LaunchScreen.xib */; };
		92DAC3661B573DBE0028A957 /* PWSideViewControlSwiftTests.swift in Sources */ = {isa = PBXBuildFile; fileRef = 92DAC3651B573DBE0028A957 /* PWSideViewControlSwiftTests.swift */; };
/* End PBXBuildFile section */

/* Begin PBXContainerItemProxy section */
		92DAC3601B573DBE0028A957 /* PBXContainerItemProxy */ = {
			isa = PBXContainerItemProxy;
			containerPortal = 92DAC3421B573DBE0028A957 /* Project object */;
			proxyType = 1;
			remoteGlobalIDString = 92DAC3491B573DBE0028A957;
			remoteInfo = PWSideViewControlSwift;
		};
/* End PBXContainerItemProxy section */

/* Begin PBXFileReference section */
		92DAC34A1B573DBE0028A957 /* PWSideViewControlSwift.app */ = {isa = PBXFileReference; explicitFileType = wrapper.application; includeInIndex = 0; path = PWSideViewControlSwift.app; sourceTree = BUILT_PRODUCTS_DIR; };
		92DAC34E1B573DBE0028A957 /* Info.plist */ = {isa = PBXFileReference; lastKnownFileType = text.plist.xml; path = Info.plist; sourceTree = "<group>"; };
		92DAC34F1B573DBE0028A957 /* AppDelegate.swift */ = {isa = PBXFileReference; lastKnownFileType = sourcecode.swift; path = AppDelegate.swift; sourceTree = "<group>"; };
		92DAC3511B573DBE0028A957 /* ViewController.swift */ = {isa = PBXFileReference; lastKnownFileType = sourcecode.swift; path = ViewController.swift; sourceTree = "<group>"; };
		92DAC3541B573DBE0028A957 /* Base */ = {isa = PBXFileReference; lastKnownFileType = file.storyboard; name = Base; path = Base.lproj/Main.storyboard; sourceTree = "<group>"; };
		92DAC3561B573DBE0028A957 /* Images.xcassets */ = {isa = PBXFileReference; lastKnownFileType = folder.assetcatalog; path = Images.xcassets; sourceTree = "<group>"; };
		92DAC3591B573DBE0028A957 /* Base */ = {isa = PBXFileReference; lastKnownFileType = file.xib; name = Base; path = Base.lproj/LaunchScreen.xib; sourceTree = "<group>"; };
		92DAC35F1B573DBE0028A957 /* PWSideViewControlSwiftTests.xctest */ = {isa = PBXFileReference; explicitFileType = wrapper.cfbundle; includeInIndex = 0; path = PWSideViewControlSwiftTests.xctest; sourceTree = BUILT_PRODUCTS_DIR; };
		92DAC3641B573DBE0028A957 /* Info.plist */ = {isa = PBXFileReference; lastKnownFileType = text.plist.xml; path = Info.plist; sourceTree = "<group>"; };
		92DAC3651B573DBE0028A957 /* PWSideViewControlSwiftTests.swift */ = {isa = PBXFileReference; lastKnownFileType = sourcecode.swift; path = PWSideViewControlSwiftTests.swift; sourceTree = "<group>"; };
/* End PBXFileReference section */

/* Begin PBXFrameworksBuildPhase section */
		92DAC3471B573DBE0028A957 /* Frameworks */ = {
			isa = PBXFrameworksBuildPhase;
			buildActionMask = 2147483647;
			files = (
			);
			runOnlyForDeploymentPostprocessing = 0;
		};
		92DAC35C1B573DBE0028A957 /* Frameworks */ = {
			isa = PBXFrameworksBuildPhase;
			buildActionMask = 2147483647;
			files = (
			);
			runOnlyForDeploymentPostprocessing = 0;
		};
/* End PBXFrameworksBuildPhase section */

/* Begin PBXGroup section */
		92DAC3411B573DBE0028A957 = {
			isa = PBXGroup;
			children = (
				92DAC34C1B573DBE0028A957 /* PWSideViewControlSwift */,
				92DAC3621B573DBE0028A957 /* PWSideViewControlSwiftTests */,
				92DAC34B1B573DBE0028A957 /* Products */,
			);
			sourceTree = "<group>";
		};
		92DAC34B1B573DBE0028A957 /* Products */ = {
			isa = PBXGroup;
			children = (
				92DAC34A1B573DBE0028A957 /* PWSideViewControlSwift.app */,
				92DAC35F1B573DBE0028A957 /* PWSideViewControlSwiftTests.xctest */,
			);
			name = Products;
			sourceTree = "<group>";
		};
		92DAC34C1B573DBE0028A957 /* PWSideViewControlSwift */ = {
			isa = PBXGroup;
			children = (
				92DAC34F1B573DBE0028A957 /* AppDelegate.swift */,
				92DAC3511B573DBE0028A957 /* ViewController.swift */,
				92DAC3531B573DBE0028A957 /* Main.storyboard */,
				92DAC3561B573DBE0028A957 /* Images.xcassets */,
				92DAC3581B573DBE0028A957 /* LaunchScreen.xib */,
				92DAC34D1B573DBE0028A957 /* Supporting Files */,
			);
			path = PWSideViewControlSwift;
			sourceTree = "<group>";
		};
		92DAC34D1B573DBE0028A957 /* Supporting Files */ = {
			isa = PBXGroup;
			children = (
				92DAC34E1B573DBE0028A957 /* Info.plist */,
			);
			name = "Supporting Files";
			sourceTree = "<group>";
		};
		92DAC3621B573DBE0028A957 /* PWSideViewControlSwiftTests */ = {
			isa = PBXGroup;
			children = (
				92DAC3651B573DBE0028A957 /* PWSideViewControlSwiftTests.swift */,
				92DAC3631B573DBE0028A957 /* Supporting Files */,
			);
			path = PWSideViewControlSwiftTests;
			sourceTree = "<group>";
		};
		92DAC3631B573DBE0028A957 /* Supporting Files */ = {
			isa = PBXGroup;
			children = (
				92DAC3641B573DBE0028A957 /* Info.plist */,
			);
			name = "Supporting Files";
			sourceTree = "<group>";
		};
/* End PBXGroup section */

/* Begin PBXNativeTarget section */
		92DAC3491B573DBE0028A957 /* PWSideViewControlSwift */ = {
			isa = PBXNativeTarget;
			buildConfigurationList = 92DAC3691B573DBE0028A957 /* Build configuration list for PBXNativeTarget "PWSideViewControlSwift" */;
			buildPhases = (
				92DAC3461B573DBE0028A957 /* Sources */,
				92DAC3471B573DBE0028A957 /* Frameworks */,
				92DAC3481B573DBE0028A957 /* Resources */,
			);
			buildRules = (
			);
			dependencies = (
			);
			name = PWSideViewControlSwift;
			productName = PWSideViewControlSwift;
			productReference = 92DAC34A1B573DBE0028A957 /* PWSideViewControlSwift.app */;
			productType = "com.apple.product-type.application";
		};
		92DAC35E1B573DBE0028A957 /* PWSideViewControlSwiftTests */ = {
			isa = PBXNativeTarget;
			buildConfigurationList = 92DAC36C1B573DBE0028A957 /* Build configuration list for PBXNativeTarget "PWSideViewControlSwiftTests" */;
			buildPhases = (
				92DAC35B1B573DBE0028A957 /* Sources */,
				92DAC35C1B573DBE0028A957 /* Frameworks */,
				92DAC35D1B573DBE0028A957 /* Resources */,
			);
			buildRules = (
			);
			dependencies = (
				92DAC3611B573DBE0028A957 /* PBXTargetDependency */,
			);
			name = PWSideViewControlSwiftTests;
			productName = PWSideViewControlSwiftTests;
			productReference = 92DAC35F1B573DBE0028A957 /* PWSideViewControlSwiftTests.xctest */;
			productType = "com.apple.product-type.bundle.unit-test";
		};
/* End PBXNativeTarget section */

/* Begin PBXProject section */
		92DAC3421B573DBE0028A957 /* Project object */ = {
			isa = PBXProject;
			attributes = {
				LastUpgradeCheck = 0640;
				ORGANIZATIONNAME = PeterWang;
				TargetAttributes = {
					92DAC3491B573DBE0028A957 = {
						CreatedOnToolsVersion = 6.4;
					};
					92DAC35E1B573DBE0028A957 = {
						CreatedOnToolsVersion = 6.4;
						TestTargetID = 92DAC3491B573DBE0028A957;
					};
				};
			};
			buildConfigurationList = 92DAC3451B573DBE0028A957 /* Build configuration list for PBXProject "PWSideViewControlSwift" */;
			compatibilityVersion = "Xcode 3.2";
			developmentRegion = English;
			hasScannedForEncodings = 0;
			knownRegions = (
				en,
				Base,
			);
			mainGroup = 92DAC3411B573DBE0028A957;
			productRefGroup = 92DAC34B1B573DBE0028A957 /* Products */;
			projectDirPath = "";
			projectRoot = "";
			targets = (
				92DAC3491B573DBE0028A957 /* PWSideViewControlSwift */,
				92DAC35E1B573DBE0028A957 /* PWSideViewControlSwiftTests */,
			);
		};
/* End PBXProject section */

/* Begin PBXResourcesBuildPhase section */
		92DAC3481B573DBE0028A957 /* Resources */ = {
			isa = PBXResourcesBuildPhase;
			buildActionMask = 2147483647;
			files = (
				92DAC3551B573DBE0028A957 /* Main.storyboard in Resources */,
				92DAC35A1B573DBE0028A957 /* LaunchScreen.xib in Resources */,
				92DAC3571B573DBE0028A957 /* Images.xcassets in Resources */,
			);
			runOnlyForDeploymentPostprocessing = 0;
		};
		92DAC35D1B573DBE0028A957 /* Resources */ = {
			isa = PBXResourcesBuildPhase;
			buildActionMask = 2147483647;
			files = (
			);
			runOnlyForDeploymentPostprocessing = 0;
		};
/* End PBXResourcesBuildPhase section */

/* Begin PBXSourcesBuildPhase section */
		92DAC3461B573DBE0028A957 /* Sources */ = {
			isa = PBXSourcesBuildPhase;
			buildActionMask = 2147483647;
			files = (
				92DAC3521B573DBE0028A957 /* ViewController.swift in Sources */,
				92DAC3501B573DBE0028A957 /* AppDelegate.swift in Sources */,
			);
			runOnlyForDeploymentPostprocessing = 0;
		};
		92DAC35B1B573DBE0028A957 /* Sources */ = {
			isa = PBXSourcesBuildPhase;
			buildActionMask = 2147483647;
			files = (
				92DAC3661B573DBE0028A957 /* PWSideViewControlSwiftTests.swift in Sources */,
			);
			runOnlyForDeploymentPostprocessing = 0;
		};
/* End PBXSourcesBuildPhase section */

/* Begin PBXTargetDependency section */
		92DAC3611B573DBE0028A957 /* PBXTargetDependency */ = {
			isa = PBXTargetDependency;
			target = 92DAC3491B573DBE0028A957 /* PWSideViewControlSwift */;
			targetProxy = 92DAC3601B573DBE0028A957 /* PBXContainerItemProxy */;
		};
/* End PBXTargetDependency section */

/* Begin PBXVariantGroup section */
		92DAC3531B573DBE0028A957 /* Main.storyboard */ = {
			isa = PBXVariantGroup;
			children = (
				92DAC3541B573DBE0028A957 /* Base */,
			);
			name = Main.storyboard;
			sourceTree = "<group>";
		};
		92DAC3581B573DBE0028A957 /* LaunchScreen.xib */ = {
			isa = PBXVariantGroup;
			children = (
				92DAC3591B573DBE0028A957 /* Base */,
			);
			name = LaunchScreen.xib;
			sourceTree = "<group>";
		};
/* End PBXVariantGroup section */

/* Begin XCBuildConfiguration section */
		92DAC3671B573DBE0028A957 /* Debug */ = {
			isa = XCBuildConfiguration;
			buildSettings = {
				ALWAYS_SEARCH_USER_PATHS = NO;
				CLANG_CXX_LANGUAGE_STANDARD = "gnu++0x";
				CLANG_CXX_LIBRARY = "libc++";
				CLANG_ENABLE_MODULES = YES;
				CLANG_ENABLE_OBJC_ARC = YES;
				CLANG_WARN_BOOL_CONVERSION = YES;
				CLANG_WARN_CONSTANT_CONVERSION = YES;
				CLANG_WARN_DIRECT_OBJC_ISA_USAGE = YES_ERROR;
				CLANG_WARN_EMPTY_BODY = YES;
				CLANG_WARN_ENUM_CONVERSION = YES;
				CLANG_WARN_INT_CONVERSION = YES;
				CLANG_WARN_OBJC_ROOT_CLASS = YES_ERROR;
				CLANG_WARN_UNREACHABLE_CODE = YES;
				CLANG_WARN__DUPLICATE_METHOD_MATCH = YES;
				"CODE_SIGN_IDENTITY[sdk=iphoneos*]" = "iPhone Developer";
				COPY_PHASE_STRIP = NO;
				DEBUG_INFORMATION_FORMAT = "dwarf-with-dsym";
				ENABLE_STRICT_OBJC_MSGSEND = YES;
				GCC_C_LANGUAGE_STANDARD = gnu99;
				GCC_DYNAMIC_NO_PIC = NO;
				GCC_NO_COMMON_BLOCKS = YES;
				GCC_OPTIMIZATION_LEVEL = 0;
				GCC_PREPROCESSOR_DEFINITIONS = (
					"DEBUG=1",
					"$(inherited)",
				);
				GCC_SYMBOLS_PRIVATE_EXTERN = NO;
				GCC_WARN_64_TO_32_BIT_CONVERSION = YES;
				GCC_WARN_ABOUT_RETURN_TYPE = YES_ERROR;
				GCC_WARN_UNDECLARED_SELECTOR = YES;
				GCC_WARN_UNINITIALIZED_AUTOS = YES_AGGRESSIVE;
				GCC_WARN_UNUSED_FUNCTION = YES;
				GCC_WARN_UNUSED_VARIABLE = YES;
				IPHONEOS_DEPLOYMENT_TARGET = 8.4;
				MTL_ENABLE_DEBUG_INFO = YES;
				ONLY_ACTIVE_ARCH = YES;
				SDKROOT = iphoneos;
				SWIFT_OPTIMIZATION_LEVEL = "-Onone";
			};
			name = Debug;
		};
		92DAC3681B573DBE0028A957 /* Release */ = {
			isa = XCBuildConfiguration;
			buildSettings = {
				ALWAYS_SEARCH_USER_PATHS = NO;
				CLANG_CXX_LANGUAGE_STANDARD = "gnu++0x";
				CLANG_CXX_LIBRARY = "libc++";
				CLANG_ENABLE_MODULES = YES;
				CLANG_ENABLE_OBJC_ARC = YES;
				CLANG_WARN_BOOL_CONVERSION = YES;
				CLANG_WARN_CONSTANT_CONVERSION = YES;
				CLANG_WARN_DIRECT_OBJC_ISA_USAGE = YES_ERROR;
				CLANG_WARN_EMPTY_BODY = YES;
				CLANG_WARN_ENUM_CONVERSION = YES;
				CLANG_WARN_INT_CONVERSION = YES;
				CLANG_WARN_OBJC_ROOT_CLASS = YES_ERROR;
				CLANG_WARN_UNREACHABLE_CODE = YES;
				CLANG_WARN__DUPLICATE_METHOD_MATCH = YES;
				"CODE_SIGN_IDENTITY[sdk=iphoneos*]" = "iPhone Developer";
				COPY_PHASE_STRIP = NO;
				DEBUG_INFORMATION_FORMAT = "dwarf-with-dsym";
				ENABLE_NS_ASSERTIONS = NO;
				ENABLE_STRICT_OBJC_MSGSEND = YES;
				GCC_C_LANGUAGE_STANDARD = gnu99;
				GCC_NO_COMMON_BLOCKS = YES;
				GCC_WARN_64_TO_32_BIT_CONVERSION = YES;
				GCC_WARN_ABOUT_RETURN_TYPE = YES_ERROR;
				GCC_WARN_UNDECLARED_SELECTOR = YES;
				GCC_WARN_UNINITIALIZED_AUTOS = YES_AGGRESSIVE;
				GCC_WARN_UNUSED_FUNCTION = YES;
				GCC_WARN_UNUSED_VARIABLE = YES;
				IPHONEOS_DEPLOYMENT_TARGET = 8.4;
				MTL_ENABLE_DEBUG_INFO = NO;
				SDKROOT = iphoneos;
				VALIDATE_PRODUCT = YES;
			};
			name = Release;
		};
		92DAC36A1B573DBE0028A957 /* Debug */ = {
			isa = XCBuildConfiguration;
			buildSettings = {
				ASSETCATALOG_COMPILER_APPICON_NAME = AppIcon;
				INFOPLIST_FILE = PWSideViewControlSwift/Info.plist;
				LD_RUNPATH_SEARCH_PATHS = "$(inherited) @executable_path/Frameworks";
				PRODUCT_NAME = "$(TARGET_NAME)";
			};
			name = Debug;
		};
		92DAC36B1B573DBE0028A957 /* Release */ = {
			isa = XCBuildConfiguration;
			buildSettings = {
				ASSETCATALOG_COMPILER_APPICON_NAME = AppIcon;
				INFOPLIST_FILE = PWSideViewControlSwift/Info.plist;
				LD_RUNPATH_SEARCH_PATHS = "$(inherited) @executable_path/Frameworks";
				PRODUCT_NAME = "$(TARGET_NAME)";
			};
			name = Release;
		};
		92DAC36D1B573DBE0028A957 /* Debug */ = {
			isa = XCBuildConfiguration;
			buildSettings = {
				BUNDLE_LOADER = "$(TEST_HOST)";
				FRAMEWORK_SEARCH_PATHS = (
					"$(SDKROOT)/Developer/Library/Frameworks",
					"$(inherited)",
				);
				GCC_PREPROCESSOR_DEFINITIONS = (
					"DEBUG=1",
					"$(inherited)",
				);
				INFOPLIST_FILE = PWSideViewControlSwiftTests/Info.plist;
				LD_RUNPATH_SEARCH_PATHS = "$(inherited) @executable_path/Frameworks @loader_path/Frameworks";
				PRODUCT_NAME = "$(TARGET_NAME)";
				TEST_HOST = "$(BUILT_PRODUCTS_DIR)/PWSideViewControlSwift.app/PWSideViewControlSwift";
			};
			name = Debug;
		};
		92DAC36E1B573DBE0028A957 /* Release */ = {
			isa = XCBuildConfiguration;
			buildSettings = {
				BUNDLE_LOADER = "$(TEST_HOST)";
				FRAMEWORK_SEARCH_PATHS = (
					"$(SDKROOT)/Developer/Library/Frameworks",
					"$(inherited)",
				);
				INFOPLIST_FILE = PWSideViewControlSwiftTests/Info.plist;
				LD_RUNPATH_SEARCH_PATHS = "$(inherited) @executable_path/Frameworks @loader_path/Frameworks";
				PRODUCT_NAME = "$(TARGET_NAME)";
				TEST_HOST = "$(BUILT_PRODUCTS_DIR)/PWSideViewControlSwift.app/PWSideViewControlSwift";
			};
			name = Release;
		};
/* End XCBuildConfiguration section */

/* Begin XCConfigurationList section */
		92DAC3451B573DBE0028A957 /* Build configuration list for PBXProject "PWSideViewControlSwift" */ = {
			isa = XCConfigurationList;
			buildConfigurations = (
				92DAC3671B573DBE0028A957 /* Debug */,
				92DAC3681B573DBE0028A957 /* Release */,
			);
			defaultConfigurationIsVisible = 0;
			defaultConfigurationName = Release;
		};
		92DAC3691B573DBE0028A957 /* Build configuration list for PBXNativeTarget "PWSideViewControlSwift" */ = {
			isa = XCConfigurationList;
			buildConfigurations = (
				92DAC36A1B573DBE0028A957 /* Debug */,
				92DAC36B1B573DBE0028A957 /* Release */,
			);
			defaultConfigurationIsVisible = 0;
		};
		92DAC36C1B573DBE0028A957 /* Build configuration list for PBXNativeTarget "PWSideViewControlSwiftTests" */ = {
			isa = XCConfigurationList;
			buildConfigurations = (
				92DAC36D1B573DBE0028A957 /* Debug */,
				92DAC36E1B573DBE0028A957 /* Release */,
			);
			defaultConfigurationIsVisible = 0;
		};
/* End XCConfigurationList section */
	};
	rootObject = 92DAC3421B573DBE0028A957 /* Project object */;
}
